
Microsoft Visual Studio Solution File, Format Version 12.00
# Visual Studio Version 17
VisualStudioVersion = 17.0.31903.59
MinimumVisualStudioVersion = 10.0.40219.1
Project("{2150E333-8FDC-42A3-9474-1A3956D46DE8}") = "src", "src", "{CAF9066C-650A-486C-A218-CDC4C8725FC1}"
EndProject
Project("{2150E333-8FDC-42A3-9474-1A3956D46DE8}") = "gateway", "gateway", "{16EEDED4-B2B1-4C4A-900F-C7D72ECD8359}"
EndProject
Project("{FAE04EC0-301F-11D3-BF4B-00C04F79EFBC}") = "Gateway.WebApi", "src\gateway\Gateway.WebApi\Gateway.WebApi.csproj", "{BCC1128F-B91B-4987-915D-AB378926B6CD}"
EndProject
Project("{2150E333-8FDC-42A3-9474-1A3956D46DE8}") = "Solution Items", "Solution Items", "{20D8CDAF-4760-4FFC-AE2F-BD6F8FAB31CD}"
	ProjectSection(SolutionItems) = preProject
		compose.yaml = compose.yaml
	EndProjectSection
EndProject
Project("{2150E333-8FDC-42A3-9474-1A3956D46DE8}") = "services", "services", "{DB4EFB66-4685-419E-8AAC-3BD6452EA3A6}"
EndProject
Project("{2150E333-8FDC-42A3-9474-1A3956D46DE8}") = "Auth", "Auth", "{773A2E4D-803A-4D38-81D8-BE84265E3CBE}"
EndProject
Project("{FAE04EC0-301F-11D3-BF4B-00C04F79EFBC}") = "Auth.Domain", "src\services\Auth\Auth.Domain\Auth.Domain.csproj", "{2C5C45AC-A02E-4EA3-ABA1-FF94C3118974}"
EndProject
Project("{FAE04EC0-301F-11D3-BF4B-00C04F79EFBC}") = "Auth.SharedKernel", "src\services\Auth\Auth.SharedKernel\Auth.SharedKernel.csproj", "{3946315E-1BD4-493D-B219-7FDBFA8F66DA}"
EndProject
Project("{FAE04EC0-301F-11D3-BF4B-00C04F79EFBC}") = "Auth.Application", "src\services\Auth\Auth.Application\Auth.Application.csproj", "{EECD8710-B036-46BB-8FC5-59E7933D0116}"
EndProject
Project("{FAE04EC0-301F-11D3-BF4B-00C04F79EFBC}") = "Auth.Infrastructure", "src\services\Auth\Auth.Infrastructure\Auth.Infrastructure.csproj", "{3AFD08A0-23E9-41A6-8F2C-1B0CD7B5799A}"
EndProject
Project("{FAE04EC0-301F-11D3-BF4B-00C04F79EFBC}") = "Auth.WebApi", "src\services\Auth\Auth.WebApi\Auth.WebApi.csproj", "{BB26FBA2-122F-479E-839F-12456B80C89B}"
EndProject
Project("{FAE04EC0-301F-11D3-BF4B-00C04F79EFBC}") = "Shared", "src\services\Shared\Shared.csproj", "{C8E47C1A-51AE-48B5-AE17-34AFF0F3037D}"
EndProject
Project("{2150E333-8FDC-42A3-9474-1A3956D46DE8}") = "Notifications", "Notifications", "{F8C26B9F-D144-461A-ABD6-502AB5EFFDE5}"
EndProject
Project("{FAE04EC0-301F-11D3-BF4B-00C04F79EFBC}") = "Notifications.Domain", "src\services\Notifications\Notifications.Domain\Notifications.Domain.csproj", "{1A88A747-2509-49C9-84A3-C78B7C6396B1}"
EndProject
Project("{FAE04EC0-301F-11D3-BF4B-00C04F79EFBC}") = "Notifications.WebApi", "src\services\Notifications\Notifications.WebApi\Notifications.WebApi.csproj", "{5E1C83A2-4273-4B79-8723-F06A3BBD312C}"
EndProject
Project("{FAE04EC0-301F-11D3-BF4B-00C04F79EFBC}") = "Notifications.Infrastructure", "src\services\Notifications\Notifications.Infrastructure\Notifications.Infrastructure.csproj", "{30B47379-34E9-4562-8B60-0737F53D61CD}"
EndProject
Project("{2150E333-8FDC-42A3-9474-1A3956D46DE8}") = "Billing", "Billing", "{F7DBF835-A1C5-4C24-80F0-493A1993C11E}"
EndProject
Project("{FAE04EC0-301F-11D3-BF4B-00C04F79EFBC}") = "Billing.Domain", "src\services\Billing\Billing.Domain\Billing.Domain.csproj", "{BB945B9C-C3E0-4EFD-A505-6322FFA18CD3}"
EndProject
Project("{FAE04EC0-301F-11D3-BF4B-00C04F79EFBC}") = "Billing.Application", "src\services\Billing\Billing.Application\Billing.Application.csproj", "{4C14D08F-0B50-43EF-93C1-A950AE83EB6C}"
EndProject
Project("{FAE04EC0-301F-11D3-BF4B-00C04F79EFBC}") = "Billing.Infrastructure", "src\services\Billing\Billing.Infrastructure\Billing.Infrastructure.csproj", "{CE68A1B3-7245-4668-84D7-D75390A3B3D1}"
EndProject
Project("{FAE04EC0-301F-11D3-BF4B-00C04F79EFBC}") = "Billing.WebApi", "src\services\Billing\Billing.WebApi\Billing.WebApi.csproj", "{380428DE-0711-44BD-B2A5-EEAD95CD8B02}"
EndProject
Project("{FAE04EC0-301F-11D3-BF4B-00C04F79EFBC}") = "Billing.SharedKernel", "src\services\Billing\Billing.SharedKernel\Billing.SharedKernel.csproj", "{594F1415-2F77-4663-A67E-22FF7922AAE0}"
EndProject
Global
	GlobalSection(SolutionConfigurationPlatforms) = preSolution
		Debug|Any CPU = Debug|Any CPU
		Release|Any CPU = Release|Any CPU
	EndGlobalSection
	GlobalSection(SolutionProperties) = preSolution
		HideSolutionNode = FALSE
	EndGlobalSection
	GlobalSection(ProjectConfigurationPlatforms) = postSolution
		{BCC1128F-B91B-4987-915D-AB378926B6CD}.Debug|Any CPU.ActiveCfg = Debug|Any CPU
		{BCC1128F-B91B-4987-915D-AB378926B6CD}.Debug|Any CPU.Build.0 = Debug|Any CPU
		{BCC1128F-B91B-4987-915D-AB378926B6CD}.Release|Any CPU.ActiveCfg = Release|Any CPU
		{BCC1128F-B91B-4987-915D-AB378926B6CD}.Release|Any CPU.Build.0 = Release|Any CPU
		{2C5C45AC-A02E-4EA3-ABA1-FF94C3118974}.Debug|Any CPU.ActiveCfg = Debug|Any CPU
		{2C5C45AC-A02E-4EA3-ABA1-FF94C3118974}.Debug|Any CPU.Build.0 = Debug|Any CPU
		{2C5C45AC-A02E-4EA3-ABA1-FF94C3118974}.Release|Any CPU.ActiveCfg = Release|Any CPU
		{2C5C45AC-A02E-4EA3-ABA1-FF94C3118974}.Release|Any CPU.Build.0 = Release|Any CPU
		{3946315E-1BD4-493D-B219-7FDBFA8F66DA}.Debug|Any CPU.ActiveCfg = Debug|Any CPU
		{3946315E-1BD4-493D-B219-7FDBFA8F66DA}.Debug|Any CPU.Build.0 = Debug|Any CPU
		{3946315E-1BD4-493D-B219-7FDBFA8F66DA}.Release|Any CPU.ActiveCfg = Release|Any CPU
		{3946315E-1BD4-493D-B219-7FDBFA8F66DA}.Release|Any CPU.Build.0 = Release|Any CPU
		{EECD8710-B036-46BB-8FC5-59E7933D0116}.Debug|Any CPU.ActiveCfg = Debug|Any CPU
		{EECD8710-B036-46BB-8FC5-59E7933D0116}.Debug|Any CPU.Build.0 = Debug|Any CPU
		{EECD8710-B036-46BB-8FC5-59E7933D0116}.Release|Any CPU.ActiveCfg = Release|Any CPU
		{EECD8710-B036-46BB-8FC5-59E7933D0116}.Release|Any CPU.Build.0 = Release|Any CPU
		{3AFD08A0-23E9-41A6-8F2C-1B0CD7B5799A}.Debug|Any CPU.ActiveCfg = Debug|Any CPU
		{3AFD08A0-23E9-41A6-8F2C-1B0CD7B5799A}.Debug|Any CPU.Build.0 = Debug|Any CPU
		{3AFD08A0-23E9-41A6-8F2C-1B0CD7B5799A}.Release|Any CPU.ActiveCfg = Release|Any CPU
		{3AFD08A0-23E9-41A6-8F2C-1B0CD7B5799A}.Release|Any CPU.Build.0 = Release|Any CPU
		{BB26FBA2-122F-479E-839F-12456B80C89B}.Debug|Any CPU.ActiveCfg = Debug|Any CPU
		{BB26FBA2-122F-479E-839F-12456B80C89B}.Debug|Any CPU.Build.0 = Debug|Any CPU
		{BB26FBA2-122F-479E-839F-12456B80C89B}.Release|Any CPU.ActiveCfg = Release|Any CPU
		{BB26FBA2-122F-479E-839F-12456B80C89B}.Release|Any CPU.Build.0 = Release|Any CPU
		{C8E47C1A-51AE-48B5-AE17-34AFF0F3037D}.Debug|Any CPU.ActiveCfg = Debug|Any CPU
		{C8E47C1A-51AE-48B5-AE17-34AFF0F3037D}.Debug|Any CPU.Build.0 = Debug|Any CPU
		{C8E47C1A-51AE-48B5-AE17-34AFF0F3037D}.Release|Any CPU.ActiveCfg = Release|Any CPU
		{C8E47C1A-51AE-48B5-AE17-34AFF0F3037D}.Release|Any CPU.Build.0 = Release|Any CPU
		{1A88A747-2509-49C9-84A3-C78B7C6396B1}.Debug|Any CPU.ActiveCfg = Debug|Any CPU
		{1A88A747-2509-49C9-84A3-C78B7C6396B1}.Debug|Any CPU.Build.0 = Debug|Any CPU
		{1A88A747-2509-49C9-84A3-C78B7C6396B1}.Release|Any CPU.ActiveCfg = Release|Any CPU
		{1A88A747-2509-49C9-84A3-C78B7C6396B1}.Release|Any CPU.Build.0 = Release|Any CPU
		{5E1C83A2-4273-4B79-8723-F06A3BBD312C}.Debug|Any CPU.ActiveCfg = Debug|Any CPU
		{5E1C83A2-4273-4B79-8723-F06A3BBD312C}.Debug|Any CPU.Build.0 = Debug|Any CPU
		{5E1C83A2-4273-4B79-8723-F06A3BBD312C}.Release|Any CPU.ActiveCfg = Release|Any CPU
		{5E1C83A2-4273-4B79-8723-F06A3BBD312C}.Release|Any CPU.Build.0 = Release|Any CPU
		{30B47379-34E9-4562-8B60-0737F53D61CD}.Debug|Any CPU.ActiveCfg = Debug|Any CPU
		{30B47379-34E9-4562-8B60-0737F53D61CD}.Debug|Any CPU.Build.0 = Debug|Any CPU
		{30B47379-34E9-4562-8B60-0737F53D61CD}.Release|Any CPU.ActiveCfg = Release|Any CPU
		{30B47379-34E9-4562-8B60-0737F53D61CD}.Release|Any CPU.Build.0 = Release|Any CPU
		{BB945B9C-C3E0-4EFD-A505-6322FFA18CD3}.Debug|Any CPU.ActiveCfg = Debug|Any CPU
		{BB945B9C-C3E0-4EFD-A505-6322FFA18CD3}.Debug|Any CPU.Build.0 = Debug|Any CPU
		{BB945B9C-C3E0-4EFD-A505-6322FFA18CD3}.Release|Any CPU.ActiveCfg = Release|Any CPU
		{BB945B9C-C3E0-4EFD-A505-6322FFA18CD3}.Release|Any CPU.Build.0 = Release|Any CPU
		{4C14D08F-0B50-43EF-93C1-A950AE83EB6C}.Debug|Any CPU.ActiveCfg = Debug|Any CPU
		{4C14D08F-0B50-43EF-93C1-A950AE83EB6C}.Debug|Any CPU.Build.0 = Debug|Any CPU
		{4C14D08F-0B50-43EF-93C1-A950AE83EB6C}.Release|Any CPU.ActiveCfg = Release|Any CPU
		{4C14D08F-0B50-43EF-93C1-A950AE83EB6C}.Release|Any CPU.Build.0 = Release|Any CPU
		{CE68A1B3-7245-4668-84D7-D75390A3B3D1}.Debug|Any CPU.ActiveCfg = Debug|Any CPU
		{CE68A1B3-7245-4668-84D7-D75390A3B3D1}.Debug|Any CPU.Build.0 = Debug|Any CPU
		{CE68A1B3-7245-4668-84D7-D75390A3B3D1}.Release|Any CPU.ActiveCfg = Release|Any CPU
		{CE68A1B3-7245-4668-84D7-D75390A3B3D1}.Release|Any CPU.Build.0 = Release|Any CPU
		{380428DE-0711-44BD-B2A5-EEAD95CD8B02}.Debug|Any CPU.ActiveCfg = Debug|Any CPU
		{380428DE-0711-44BD-B2A5-EEAD95CD8B02}.Debug|Any CPU.Build.0 = Debug|Any CPU
		{380428DE-0711-44BD-B2A5-EEAD95CD8B02}.Release|Any CPU.ActiveCfg = Release|Any CPU
		{380428DE-0711-44BD-B2A5-EEAD95CD8B02}.Release|Any CPU.Build.0 = Release|Any CPU
		{594F1415-2F77-4663-A67E-22FF7922AAE0}.Debug|Any CPU.ActiveCfg = Debug|Any CPU
		{594F1415-2F77-4663-A67E-22FF7922AAE0}.Debug|Any CPU.Build.0 = Debug|Any CPU
		{594F1415-2F77-4663-A67E-22FF7922AAE0}.Release|Any CPU.ActiveCfg = Release|Any CPU
		{594F1415-2F77-4663-A67E-22FF7922AAE0}.Release|Any CPU.Build.0 = Release|Any CPU
	EndGlobalSection
	GlobalSection(NestedProjects) = preSolution
		{16EEDED4-B2B1-4C4A-900F-C7D72ECD8359} = {CAF9066C-650A-486C-A218-CDC4C8725FC1}
		{BCC1128F-B91B-4987-915D-AB378926B6CD} = {16EEDED4-B2B1-4C4A-900F-C7D72ECD8359}
		{DB4EFB66-4685-419E-8AAC-3BD6452EA3A6} = {CAF9066C-650A-486C-A218-CDC4C8725FC1}
		{773A2E4D-803A-4D38-81D8-BE84265E3CBE} = {DB4EFB66-4685-419E-8AAC-3BD6452EA3A6}
		{2C5C45AC-A02E-4EA3-ABA1-FF94C3118974} = {773A2E4D-803A-4D38-81D8-BE84265E3CBE}
		{3946315E-1BD4-493D-B219-7FDBFA8F66DA} = {773A2E4D-803A-4D38-81D8-BE84265E3CBE}
		{EECD8710-B036-46BB-8FC5-59E7933D0116} = {773A2E4D-803A-4D38-81D8-BE84265E3CBE}
		{3AFD08A0-23E9-41A6-8F2C-1B0CD7B5799A} = {773A2E4D-803A-4D38-81D8-BE84265E3CBE}
		{BB26FBA2-122F-479E-839F-12456B80C89B} = {773A2E4D-803A-4D38-81D8-BE84265E3CBE}
		{C8E47C1A-51AE-48B5-AE17-34AFF0F3037D} = {DB4EFB66-4685-419E-8AAC-3BD6452EA3A6}
		{F8C26B9F-D144-461A-ABD6-502AB5EFFDE5} = {DB4EFB66-4685-419E-8AAC-3BD6452EA3A6}
		{1A88A747-2509-49C9-84A3-C78B7C6396B1} = {F8C26B9F-D144-461A-ABD6-502AB5EFFDE5}
		{5E1C83A2-4273-4B79-8723-F06A3BBD312C} = {F8C26B9F-D144-461A-ABD6-502AB5EFFDE5}
		{30B47379-34E9-4562-8B60-0737F53D61CD} = {F8C26B9F-D144-461A-ABD6-502AB5EFFDE5}
		{F7DBF835-A1C5-4C24-80F0-493A1993C11E} = {DB4EFB66-4685-419E-8AAC-3BD6452EA3A6}
		{BB945B9C-C3E0-4EFD-A505-6322FFA18CD3} = {F7DBF835-A1C5-4C24-80F0-493A1993C11E}
		{4C14D08F-0B50-43EF-93C1-A950AE83EB6C} = {F7DBF835-A1C5-4C24-80F0-493A1993C11E}
		{CE68A1B3-7245-4668-84D7-D75390A3B3D1} = {F7DBF835-A1C5-4C24-80F0-493A1993C11E}
		{380428DE-0711-44BD-B2A5-EEAD95CD8B02} = {F7DBF835-A1C5-4C24-80F0-493A1993C11E}
		{594F1415-2F77-4663-A67E-22FF7922AAE0} = {F7DBF835-A1C5-4C24-80F0-493A1993C11E}
	EndGlobalSection
EndGlobal
